
Microsoft Visual Studio Solution File, Format Version 12.00
# Visual Studio Version 17
VisualStudioVersion = 17.6.33712.159
MinimumVisualStudioVersion = 10.0.40219.1
Project("{FAE04EC0-301F-11D3-BF4B-00C04F79EFBC}") = "HagisYDNSUpdater", "HagisYDNSUpdater\HagisYDNSUpdater.csproj", "{4A8116A6-DE5A-4341-8D00-ABEF684605F4}"
EndProject
Project("{930C7802-8A8C-48F9-8165-68863BCCD9DD}") = "HagisYDNSUpdater_Installer", "HagisYDNSUpdater_Installer\HagisYDNSUpdater_Installer.wixproj", "{BCB223B2-1B7F-4B7B-8481-5E9FAF08CA87}"
	ProjectSection(ProjectDependencies) = postProject
		{4A8116A6-DE5A-4341-8D00-ABEF684605F4} = {4A8116A6-DE5A-4341-8D00-ABEF684605F4}
	EndProjectSection
EndProject
Global
	GlobalSection(SolutionConfigurationPlatforms) = preSolution
		Debug|Any CPU = Debug|Any CPU
		Debug|x86 = Debug|x86
		Release|Any CPU = Release|Any CPU
		Release|x86 = Release|x86
	EndGlobalSection
	GlobalSection(ProjectConfigurationPlatforms) = postSolution
		{4A8116A6-DE5A-4341-8D00-ABEF684605F4}.Debug|Any CPU.ActiveCfg = Debug|Any CPU
		{4A8116A6-DE5A-4341-8D00-ABEF684605F4}.Debug|Any CPU.Build.0 = Debug|Any CPU
		{4A8116A6-DE5A-4341-8D00-ABEF684605F4}.Debug|x86.ActiveCfg = Debug|Any CPU
		{4A8116A6-DE5A-4341-8D00-ABEF684605F4}.Debug|x86.Build.0 = Debug|Any CPU
		{4A8116A6-DE5A-4341-8D00-ABEF684605F4}.Release|Any CPU.ActiveCfg = Release|Any CPU
		{4A8116A6-DE5A-4341-8D00-ABEF684605F4}.Release|Any CPU.Build.0 = Release|Any CPU
		{4A8116A6-DE5A-4341-8D00-ABEF684605F4}.Release|x86.ActiveCfg = Release|Any CPU
		{4A8116A6-DE5A-4341-8D00-ABEF684605F4}.Release|x86.Build.0 = Release|Any CPU
		{BCB223B2-1B7F-4B7B-8481-5E9FAF08CA87}.Debug|Any CPU.ActiveCfg = Debug|x86
		{BCB223B2-1B7F-4B7B-8481-5E9FAF08CA87}.Debug|Any CPU.Build.0 = Debug|x86
		{BCB223B2-1B7F-4B7B-8481-5E9FAF08CA87}.Debug|x86.ActiveCfg = Debug|x86
		{BCB223B2-1B7F-4B7B-8481-5E9FAF08CA87}.Debug|x86.Build.0 = Debug|x86
		{BCB223B2-1B7F-4B7B-8481-5E9FAF08CA87}.Release|Any CPU.ActiveCfg = Release|x86
		{BCB223B2-1B7F-4B7B-8481-5E9FAF08CA87}.Release|Any CPU.Build.0 = Release|x86
		{BCB223B2-1B7F-4B7B-8481-5E9FAF08CA87}.Release|x86.ActiveCfg = Release|x86
		{BCB223B2-1B7F-4B7B-8481-5E9FAF08CA87}.Release|x86.Build.0 = Release|x86
	EndGlobalSection
	GlobalSection(SolutionProperties) = preSolution
		HideSolutionNode = FALSE
	EndGlobalSection
	GlobalSection(ExtensibilityGlobals) = postSolution
		SolutionGuid = {CA15211F-0D36-4F89-BD54-93028B3F93D4}
	EndGlobalSection
EndGlobal
